
Microsoft Visual Studio Solution File, Format Version 12.00
# Visual Studio 15
VisualStudioVersion = 15.0.27703.2035
MinimumVisualStudioVersion = 10.0.40219.1
Project("{FAE04EC0-301F-11D3-BF4B-00C04F79EFBC}") = "Practice_11", "Practice_11\Practice_11.csproj", "{DBBF5CA0-0397-4968-BF34-233D867B5C78}"
EndProject
Global
	GlobalSection(SolutionConfigurationPlatforms) = preSolution
		Debug|Any CPU = Debug|Any CPU
		Release|Any CPU = Release|Any CPU
	EndGlobalSection
	GlobalSection(ProjectConfigurationPlatforms) = postSolution
		{DBBF5CA0-0397-4968-BF34-233D867B5C78}.Debug|Any CPU.ActiveCfg = Debug|Any CPU
		{DBBF5CA0-0397-4968-BF34-233D867B5C78}.Debug|Any CPU.Build.0 = Debug|Any CPU
		{DBBF5CA0-0397-4968-BF34-233D867B5C78}.Release|Any CPU.ActiveCfg = Release|Any CPU
		{DBBF5CA0-0397-4968-BF34-233D867B5C78}.Release|Any CPU.Build.0 = Release|Any CPU
	EndGlobalSection
	GlobalSection(SolutionProperties) = preSolution
		HideSolutionNode = FALSE
	EndGlobalSection
	GlobalSection(ExtensibilityGlobals) = postSolution
		SolutionGuid = {D2BD6BEA-011E-4EAC-8A4C-2206C910587B}
	EndGlobalSection
EndGlobal
